
Microsoft Visual Studio Solution File, Format Version 12.00
# Visual Studio Version 16
VisualStudioVersion = 16.0.28803.202
MinimumVisualStudioVersion = 10.0.40219.1
Project("{9A19103F-16F7-4668-BE54-9A1E7A4F7556}") = "ResApiCore", "ResApiCore\ResApiCore.csproj", "{9E75CC33-5DE3-4452-849C-23B654EBE090}"
EndProject
Global
	GlobalSection(SolutionConfigurationPlatforms) = preSolution
		Debug|Any CPU = Debug|Any CPU
		Release|Any CPU = Release|Any CPU
	EndGlobalSection
	GlobalSection(ProjectConfigurationPlatforms) = postSolution
		{9E75CC33-5DE3-4452-849C-23B654EBE090}.Debug|Any CPU.ActiveCfg = Debug|Any CPU
		{9E75CC33-5DE3-4452-849C-23B654EBE090}.Debug|Any CPU.Build.0 = Debug|Any CPU
		{9E75CC33-5DE3-4452-849C-23B654EBE090}.Release|Any CPU.ActiveCfg = Release|Any CPU
		{9E75CC33-5DE3-4452-849C-23B654EBE090}.Release|Any CPU.Build.0 = Release|Any CPU
	EndGlobalSection
	GlobalSection(SolutionProperties) = preSolution
		HideSolutionNode = FALSE
	EndGlobalSection
	GlobalSection(ExtensibilityGlobals) = postSolution
		SolutionGuid = {C5FB9C2C-F1B5-401F-9EE7-4DA75FECBFB5}
	EndGlobalSection
EndGlobal
